// !$*UTF8*$!
{
	archiveVersion = 1;
	classes = {
	};
	objectVersion = 48;
	objects = {

/* Begin PBXBuildFile section */
		F43658EA1FDC05E300EBEC23 /* AppDelegate.swift in Sources */ = {isa = PBXBuildFile; fileRef = F43658E91FDC05E300EBEC23 /* AppDelegate.swift */; };
		F43658EC1FDC05E300EBEC23 /* ViewController.swift in Sources */ = {isa = PBXBuildFile; fileRef = F43658EB1FDC05E300EBEC23 /* ViewController.swift */; };
		F43658EF1FDC05E300EBEC23 /* Main.storyboard in Resources */ = {isa = PBXBuildFile; fileRef = F43658ED1FDC05E300EBEC23 /* Main.storyboard */; };
		F43658F11FDC05E300EBEC23 /* Assets.xcassets in Resources */ = {isa = PBXBuildFile; fileRef = F43658F01FDC05E300EBEC23 /* Assets.xcassets */; };
		F43658F41FDC05E300EBEC23 /* LaunchScreen.storyboard in Resources */ = {isa = PBXBuildFile; fileRef = F43658F21FDC05E300EBEC23 /* LaunchScreen.storyboard */; };
/* End PBXBuildFile section */

/* Begin PBXFileReference section */
		F43658E61FDC05E300EBEC23 /* popular-movies.app */ = {isa = PBXFileReference; explicitFileType = wrapper.application; includeInIndex = 0; path = "popular-movies.app"; sourceTree = BUILT_PRODUCTS_DIR; };
		F43658E91FDC05E300EBEC23 /* AppDelegate.swift */ = {isa = PBXFileReference; lastKnownFileType = sourcecode.swift; path = AppDelegate.swift; sourceTree = "<group>"; };
		F43658EB1FDC05E300EBEC23 /* ViewController.swift */ = {isa = PBXFileReference; lastKnownFileType = sourcecode.swift; path = ViewController.swift; sourceTree = "<group>"; };
		F43658EE1FDC05E300EBEC23 /* Base */ = {isa = PBXFileReference; lastKnownFileType = file.storyboard; name = Base; path = Base.lproj/Main.storyboard; sourceTree = "<group>"; };
		F43658F01FDC05E300EBEC23 /* Assets.xcassets */ = {isa = PBXFileReference; lastKnownFileType = folder.assetcatalog; path = Assets.xcassets; sourceTree = "<group>"; };
		F43658F31FDC05E300EBEC23 /* Base */ = {isa = PBXFileReference; lastKnownFileType = file.storyboard; name = Base; path = Base.lproj/LaunchScreen.storyboard; sourceTree = "<group>"; };
		F43658F51FDC05E300EBEC23 /* Info.plist */ = {isa = PBXFileReference; lastKnownFileType = text.plist.xml; path = Info.plist; sourceTree = "<group>"; };
/* End PBXFileReference section */

/* Begin PBXFrameworksBuildPhase section */
		F43658E31FDC05E200EBEC23 /* Frameworks */ = {
			isa = PBXFrameworksBuildPhase;
			buildActionMask = 2147483647;
			files = (
			);
			runOnlyForDeploymentPostprocessing = 0;
		};
/* End PBXFrameworksBuildPhase section */

/* Begin PBXGroup section */
		F43658DD1FDC05E200EBEC23 = {
			isa = PBXGroup;
			children = (
				F43658E81FDC05E300EBEC23 /* popular-movies */,
				F43658E71FDC05E300EBEC23 /* Products */,
			);
			sourceTree = "<group>";
		};
		F43658E71FDC05E300EBEC23 /* Products */ = {
			isa = PBXGroup;
			children = (
				F43658E61FDC05E300EBEC23 /* popular-movies.app */,
			);
			name = Products;
			sourceTree = "<group>";
		};
		F43658E81FDC05E300EBEC23 /* popular-movies */ = {
			isa = PBXGroup;
			children = (
				F43658E91FDC05E300EBEC23 /* AppDelegate.swift */,
				F43658EB1FDC05E300EBEC23 /* ViewController.swift */,
				F43658ED1FDC05E300EBEC23 /* Main.storyboard */,
				F43658F01FDC05E300EBEC23 /* Assets.xcassets */,
				F43658F21FDC05E300EBEC23 /* LaunchScreen.storyboard */,
				F43658F51FDC05E300EBEC23 /* Info.plist */,
			);
			path = "popular-movies";
			sourceTree = "<group>";
		};
/* End PBXGroup section */

/* Begin PBXNativeTarget section */
		F43658E51FDC05E200EBEC23 /* popular-movies */ = {
			isa = PBXNativeTarget;
			buildConfigurationList = F43658F81FDC05E300EBEC23 /* Build configuration list for PBXNativeTarget "popular-movies" */;
			buildPhases = (
				F43658E21FDC05E200EBEC23 /* Sources */,
				F43658E31FDC05E200EBEC23 /* Frameworks */,
				F43658E41FDC05E200EBEC23 /* Resources */,
			);
			buildRules = (
			);
			dependencies = (
			);
			name = "popular-movies";
			productName = "popular-movies";
			productReference = F43658E61FDC05E300EBEC23 /* popular-movies.app */;
			productType = "com.apple.product-type.application";
		};
/* End PBXNativeTarget section */

/* Begin PBXProject section */
		F43658DE1FDC05E200EBEC23 /* Project object */ = {
			isa = PBXProject;
			attributes = {
				LastSwiftUpdateCheck = 0910;
				LastUpgradeCheck = 0910;
				ORGANIZATIONNAME = Robihamanto;
				TargetAttributes = {
					F43658E51FDC05E200EBEC23 = {
						CreatedOnToolsVersion = 9.1;
						ProvisioningStyle = Automatic;
					};
				};
			};
			buildConfigurationList = F43658E11FDC05E200EBEC23 /* Build configuration list for PBXProject "popular-movies" */;
			compatibilityVersion = "Xcode 8.0";
			developmentRegion = en;
			hasScannedForEncodings = 0;
			knownRegions = (
				en,
				Base,
			);
			mainGroup = F43658DD1FDC05E200EBEC23;
			productRefGroup = F43658E71FDC05E300EBEC23 /* Products */;
			projectDirPath = "";
			projectRoot = "";
			targets = (
				F43658E51FDC05E200EBEC23 /* popular-movies */,
			);
		};
/* End PBXProject section */

/* Begin PBXResourcesBuildPhase section */
		F43658E41FDC05E200EBEC23 /* Resources */ = {
			isa = PBXResourcesBuildPhase;
			buildActionMask = 2147483647;
			files = (
				F43658F41FDC05E300EBEC23 /* LaunchScreen.storyboard in Resources */,
				F43658F11FDC05E300EBEC23 /* Assets.xcassets in Resources */,
				F43658EF1FDC05E300EBEC23 /* Main.storyboard in Resources */,
			);
			runOnlyForDeploymentPostprocessing = 0;
		};
/* End PBXResourcesBuildPhase section */

/* Begin PBXSourcesBuildPhase section */
		F43658E21FDC05E200EBEC23 /* Sources */ = {
			isa = PBXSourcesBuildPhase;
			buildActionMask = 2147483647;
			files = (
				F43658EC1FDC05E300EBEC23 /* ViewController.swift in Sources */,
				F43658EA1FDC05E300EBEC23 /* AppDelegate.swift in Sources */,
			);
			runOnlyForDeploymentPostprocessing = 0;
		};
/* End PBXSourcesBuildPhase section */

/* Begin PBXVariantGroup section */
		F43658ED1FDC05E300EBEC23 /* Main.storyboard */ = {
			isa = PBXVariantGroup;
			children = (
				F43658EE1FDC05E300EBEC23 /* Base */,
			);
			name = Main.storyboard;
			sourceTree = "<group>";
		};
		F43658F21FDC05E300EBEC23 /* LaunchScreen.storyboard */ = {
			isa = PBXVariantGroup;
			children = (
				F43658F31FDC05E300EBEC23 /* Base */,
			);
			name = LaunchScreen.storyboard;
			sourceTree = "<group>";
		};
/* End PBXVariantGroup section */

/* Begin XCBuildConfiguration section */
		F43658F61FDC05E300EBEC23 /* Debug */ = {
			isa = XCBuildConfiguration;
			buildSettings = {
				ALWAYS_SEARCH_USER_PATHS = NO;
				CLANG_ANALYZER_NONNULL = YES;
				CLANG_ANALYZER_NUMBER_OBJECT_CONVERSION = YES_AGGRESSIVE;
				CLANG_CXX_LANGUAGE_STANDARD = "gnu++14";
				CLANG_CXX_LIBRARY = "libc++";
				CLANG_ENABLE_MODULES = YES;
				CLANG_ENABLE_OBJC_ARC = YES;
				CLANG_WARN_BLOCK_CAPTURE_AUTORELEASING = YES;
				CLANG_WARN_BOOL_CONVERSION = YES;
				CLANG_WARN_COMMA = YES;
				CLANG_WARN_CONSTANT_CONVERSION = YES;
				CLANG_WARN_DIRECT_OBJC_ISA_USAGE = YES_ERROR;
				CLANG_WARN_DOCUMENTATION_COMMENTS = YES;
				CLANG_WARN_EMPTY_BODY = YES;
				CLANG_WARN_ENUM_CONVERSION = YES;
				CLANG_WARN_INFINITE_RECURSION = YES;
				CLANG_WARN_INT_CONVERSION = YES;
				CLANG_WARN_NON_LITERAL_NULL_CONVERSION = YES;
				CLANG_WARN_OBJC_LITERAL_CONVERSION = YES;
				CLANG_WARN_OBJC_ROOT_CLASS = YES_ERROR;
				CLANG_WARN_RANGE_LOOP_ANALYSIS = YES;
				CLANG_WARN_STRICT_PROTOTYPES = YES;
				CLANG_WARN_SUSPICIOUS_MOVE = YES;
				CLANG_WARN_UNGUARDED_AVAILABILITY = YES_AGGRESSIVE;
				CLANG_WARN_UNREACHABLE_CODE = YES;
				CLANG_WARN__DUPLICATE_METHOD_MATCH = YES;
				CODE_SIGN_IDENTITY = "iPhone Developer";
				COPY_PHASE_STRIP = NO;
				DEBUG_INFORMATION_FORMAT = dwarf;
				ENABLE_STRICT_OBJC_MSGSEND = YES;
				ENABLE_TESTABILITY = YES;
				GCC_C_LANGUAGE_STANDARD = gnu11;
				GCC_DYNAMIC_NO_PIC = NO;
				GCC_NO_COMMON_BLOCKS = YES;
				GCC_OPTIMIZATION_LEVEL = 0;
				GCC_PREPROCESSOR_DEFINITIONS = (
					"DEBUG=1",
					"$(inherited)",
				);
				GCC_WARN_64_TO_32_BIT_CONVERSION = YES;
				GCC_WARN_ABOUT_RETURN_TYPE = YES_ERROR;
				GCC_WARN_UNDECLARED_SELECTOR = YES;
				GCC_WARN_UNINITIALIZED_AUTOS = YES_AGGRESSIVE;
				GCC_WARN_UNUSED_FUNCTION = YES;
				GCC_WARN_UNUSED_VARIABLE = YES;
				IPHONEOS_DEPLOYMENT_TARGET = 11.1;
				MTL_ENABLE_DEBUG_INFO = YES;
				ONLY_ACTIVE_ARCH = YES;
				SDKROOT = iphoneos;
				SWIFT_ACTIVE_COMPILATION_CONDITIONS = DEBUG;
				SWIFT_OPTIMIZATION_LEVEL = "-Onone";
			};
			name = Debug;
		};
		F43658F71FDC05E300EBEC23 /* Release */ = {
			isa = XCBuildConfiguration;
			buildSettings = {
				ALWAYS_SEARCH_USER_PATHS = NO;
				CLANG_ANALYZER_NONNULL = YES;
				CLANG_ANALYZER_NUMBER_OBJECT_CONVERSION = YES_AGGRESSIVE;
				CLANG_CXX_LANGUAGE_STANDARD = "gnu++14";
				CLANG_CXX_LIBRARY = "libc++";
				CLANG_ENABLE_MODULES = YES;
				CLANG_ENABLE_OBJC_ARC = YES;
				CLANG_WARN_BLOCK_CAPTURE_AUTORELEASING = YES;
				CLANG_WARN_BOOL_CONVERSION = YES;
				CLANG_WARN_COMMA = YES;
				CLANG_WARN_CONSTANT_CONVERSION = YES;
				CLANG_WARN_DIRECT_OBJC_ISA_USAGE = YES_ERROR;
				CLANG_WARN_DOCUMENTATION_COMMENTS = YES;
				CLANG_WARN_EMPTY_BODY = YES;
				CLANG_WARN_ENUM_CONVERSION = YES;
				CLANG_WARN_INFINITE_RECURSION = YES;
				CLANG_WARN_INT_CONVERSION = YES;
				CLANG_WARN_NON_LITERAL_NULL_CONVERSION = YES;
				CLANG_WARN_OBJC_LITERAL_CONVERSION = YES;
				CLANG_WARN_OBJC_ROOT_CLASS = YES_ERROR;
				CLANG_WARN_RANGE_LOOP_ANALYSIS = YES;
				CLANG_WARN_STRICT_PROTOTYPES = YES;
				CLANG_WARN_SUSPICIOUS_MOVE = YES;
				CLANG_WARN_UNGUARDED_AVAILABILITY = YES_AGGRESSIVE;
				CLANG_WARN_UNREACHABLE_CODE = YES;
				CLANG_WARN__DUPLICATE_METHOD_MATCH = YES;
				CODE_SIGN_IDENTITY = "iPhone Developer";
				COPY_PHASE_STRIP = NO;
				DEBUG_INFORMATION_FORMAT = "dwarf-with-dsym";
				ENABLE_NS_ASSERTIONS = NO;
				ENABLE_STRICT_OBJC_MSGSEND = YES;
				GCC_C_LANGUAGE_STANDARD = gnu11;
				GCC_NO_COMMON_BLOCKS = YES;
				GCC_WARN_64_TO_32_BIT_CONVERSION = YES;
				GCC_WARN_ABOUT_RETURN_TYPE = YES_ERROR;
				GCC_WARN_UNDECLARED_SELECTOR = YES;
				GCC_WARN_UNINITIALIZED_AUTOS = YES_AGGRESSIVE;
				GCC_WARN_UNUSED_FUNCTION = YES;
				GCC_WARN_UNUSED_VARIABLE = YES;
				IPHONEOS_DEPLOYMENT_TARGET = 11.1;
				MTL_ENABLE_DEBUG_INFO = NO;
				SDKROOT = iphoneos;
				SWIFT_OPTIMIZATION_LEVEL = "-Owholemodule";
				VALIDATE_PRODUCT = YES;
			};
			name = Release;
		};
		F43658F91FDC05E300EBEC23 /* Debug */ = {
			isa = XCBuildConfiguration;
			buildSettings = {
				ASSETCATALOG_COMPILER_APPICON_NAME = AppIcon;
				CODE_SIGN_STYLE = Automatic;
				DEVELOPMENT_TEAM = CKURCPC7GF;
				INFOPLIST_FILE = "popular-movies/Info.plist";
				LD_RUNPATH_SEARCH_PATHS = "$(inherited) @executable_path/Frameworks";
				PRODUCT_BUNDLE_IDENTIFIER = "com.r.popular-movies";
				PRODUCT_NAME = "$(TARGET_NAME)";
				SWIFT_VERSION = 4.0;
				TARGETED_DEVICE_FAMILY = "1,2";
			};
			name = Debug;
		};
		F43658FA1FDC05E300EBEC23 /* Release */ = {
			isa = XCBuildConfiguration;
			buildSettings = {
				ASSETCATALOG_COMPILER_APPICON_NAME = AppIcon;
				CODE_SIGN_STYLE = Automatic;
				DEVELOPMENT_TEAM = CKURCPC7GF;
				INFOPLIST_FILE = "popular-movies/Info.plist";
				LD_RUNPATH_SEARCH_PATHS = "$(inherited) @executable_path/Frameworks";
				PRODUCT_BUNDLE_IDENTIFIER = "com.r.popular-movies";
				PRODUCT_NAME = "$(TARGET_NAME)";
				SWIFT_VERSION = 4.0;
				TARGETED_DEVICE_FAMILY = "1,2";
			};
			name = Release;
		};
/* End XCBuildConfiguration section */

/* Begin XCConfigurationList section */
		F43658E11FDC05E200EBEC23 /* Build configuration list for PBXProject "popular-movies" */ = {
			isa = XCConfigurationList;
			buildConfigurations = (
				F43658F61FDC05E300EBEC23 /* Debug */,
				F43658F71FDC05E300EBEC23 /* Release */,
			);
			defaultConfigurationIsVisible = 0;
			defaultConfigurationName = Release;
		};
		F43658F81FDC05E300EBEC23 /* Build configuration list for PBXNativeTarget "popular-movies" */ = {
			isa = XCConfigurationList;
			buildConfigurations = (
				F43658F91FDC05E300EBEC23 /* Debug */,
				F43658FA1FDC05E300EBEC23 /* Release */,
			);
			defaultConfigurationIsVisible = 0;
			defaultConfigurationName = Release;
		};
/* End XCConfigurationList section */
	};
	rootObject = F43658DE1FDC05E200EBEC23 /* Project object */;
}
